<?xml version="1.0" encoding="utf-8"?>
<Project ToolsVersion="4.0" xmlns="http://schemas.microsoft.com/developer/msbuild/2003">
  <ItemGroup>
    <Filter Include="Framework">
      <UniqueIdentifier>{c8290b94-9c21-4795-8263-9c2da1ecef1a}</UniqueIdentifier>
    </Filter>
    <Filter Include="Common">
      <UniqueIdentifier>{30b4dbd6-0623-43c4-9776-408df51dd9e6}</UniqueIdentifier>
    </Filter>
    <Filter Include="2D">
      <UniqueIdentifier>{4c40dd50-e72e-45dd-b77e-edd20d64258a}</UniqueIdentifier>
    </Filter>
    <Filter Include="Dummy">
      <UniqueIdentifier>{dfc01428-e6c8-4ebe-8e5b-0c2d91bbf2ca}</UniqueIdentifier>
    </Filter>
    <Filter Include="Camera">
      <UniqueIdentifier>{59dce35b-ee29-4786-8ebd-a446c616d208}</UniqueIdentifier>
    </Filter>
    <Filter Include="3D">
      <UniqueIdentifier>{2e75e41a-fbf0-4daf-ad0d-f8c2f47e8429}</UniqueIdentifier>
    </Filter>
    <Filter Include="Utility">
      <UniqueIdentifier>{9b5dd824-fb55-4e05-8b7f-c354a8657878}</UniqueIdentifier>
    </Filter>
    <Filter Include="InputTools">
      <UniqueIdentifier>{40deef89-7d7e-4dac-8ad8-3a6478905dfb}</UniqueIdentifier>
    </Filter>
    <Filter Include="Collision">
      <UniqueIdentifier>{12a9a941-fc48-4061-8419-6d5c2a99521f}</UniqueIdentifier>
    </Filter>
    <Filter Include="MapTip">
      <UniqueIdentifier>{4520c1c5-161f-4bdc-8aa6-1776b41dcae9}</UniqueIdentifier>
    </Filter>
    <Filter Include="Sound">
      <UniqueIdentifier>{26e1a500-284d-46b0-8083-55d5ff69eb4c}</UniqueIdentifier>
    </Filter>
    <Filter Include="Particle">
      <UniqueIdentifier>{fff2ea6a-83cb-4d2b-b0e5-5da313c07d8e}</UniqueIdentifier>
    </Filter>
  </ItemGroup>
  <ItemGroup>
    <ClCompile Include="Common\DeviceResources.cpp">
      <Filter>Common</Filter>
    </ClCompile>
    <ClCompile Include="Framework\Framework.cpp">
      <Filter>Framework</Filter>
    </ClCompile>
    <ClCompile Include="Common\StepTimer.cpp">
      <Filter>Common</Filter>
    </ClCompile>
    <ClCompile Include="2D\SpriteRenderer.cpp">
      <Filter>2D</Filter>
    </ClCompile>
    <ClCompile Include="2D\Sprite.cpp">
      <Filter>2D</Filter>
    </ClCompile>
    <ClCompile Include="2D\TextureCache.cpp">
      <Filter>2D</Filter>
    </ClCompile>
    <ClCompile Include="2D\TextRenderer.cpp">
      <Filter>2D</Filter>
    </ClCompile>
    <ClCompile Include="2D\Text.cpp">
      <Filter>2D</Filter>
    </ClCompile>
    <ClCompile Include="Dummy\DummyScene.cpp">
      <Filter>Dummy</Filter>
    </ClCompile>
    <ClCompile Include="Camera\Camera.cpp">
      <Filter>Camera</Filter>
    </ClCompile>
    <ClCompile Include="3D\Object.cpp">
      <Filter>3D</Filter>
    </ClCompile>
    <ClCompile Include="3D\ObjectRenderer.cpp">
      <Filter>3D</Filter>
    </ClCompile>
    <ClCompile Include="3D\Asset3D.cpp">
      <Filter>3D</Filter>
    </ClCompile>
    <ClCompile Include="Utility\Interpolater.cpp">
      <Filter>Utility</Filter>
    </ClCompile>
    <ClCompile Include="3D\ModelCache.cpp">
      <Filter>3D</Filter>
    </ClCompile>
    <ClCompile Include="InputTools\KeyboardUtil.cpp">
      <Filter>InputTools</Filter>
    </ClCompile>
    <ClCompile Include="InputTools\MouseUtil.cpp">
      <Filter>InputTools</Filter>
    </ClCompile>
    <ClCompile Include="Camera\DefaultCamera.cpp">
      <Filter>Camera</Filter>
    </ClCompile>
    <ClCompile Include="Collision\CollisionManager.cpp">
      <Filter>Collision</Filter>
    </ClCompile>
    <ClCompile Include="MapTip\MapTip2D.cpp">
      <Filter>MapTip</Filter>
    </ClCompile>
    <ClCompile Include="MapTip\MapTip3D.cpp">
      <Filter>MapTip</Filter>
    </ClCompile>
    <ClCompile Include="MapTip\MapTip.cpp">
      <Filter>MapTip</Filter>
    </ClCompile>
    <ClCompile Include="Sound\ADX2Le.cpp">
      <Filter>Sound</Filter>
    </ClCompile>
    <ClCompile Include="Utility\BinaryFileManager.cpp">
      <Filter>Utility</Filter>
    </ClCompile>
    <ClCompile Include="Utility\CSVFileManager.cpp">
      <Filter>Utility</Filter>
    </ClCompile>
    <ClCompile Include="Utility\Action.cpp">
      <Filter>Utility</Filter>
    </ClCompile>
    <ClCompile Include="2D\Primitive.cpp">
      <Filter>2D</Filter>
    </ClCompile>
    <ClCompile Include="2D\PrimitiveRenderer.cpp">
      <Filter>2D</Filter>
    </ClCompile>
    <ClCompile Include="Particle\Emitter.cpp">
      <Filter>Particle</Filter>
    </ClCompile>
    <ClCompile Include="Particle\Particle.cpp">
      <Filter>Particle</Filter>
    </ClCompile>
    <ClCompile Include="Particle\ParticleRenderer.cpp">
      <Filter>Particle</Filter>
    </ClCompile>
  </ItemGroup>
  <ItemGroup>
    <ClInclude Include="Common\DeviceResources.h">
      <Filter>Common</Filter>
    </ClInclude>
    <ClInclude Include="Common\SingletonDirector.h">
      <Filter>Common</Filter>
    </ClInclude>
    <ClInclude Include="Framework\Framework.h">
      <Filter>Framework</Filter>
    </ClInclude>
    <ClInclude Include="Common\StepTimer.h">
      <Filter>Common</Filter>
    </ClInclude>
    <ClInclude Include="Common\Constant.h">
      <Filter>Common</Filter>
    </ClInclude>
    <ClInclude Include="Common\DebugSwitch.h">
      <Filter>Common</Filter>
    </ClInclude>
    <ClInclude Include="GucchiLibrary.h" />
    <ClInclude Include="2D\SpriteRenderer.h">
      <Filter>2D</Filter>
    </ClInclude>
    <ClInclude Include="2D\Sprite.h">
      <Filter>2D</Filter>
    </ClInclude>
    <ClInclude Include="2D\TextureCache.h">
      <Filter>2D</Filter>
    </ClInclude>
    <ClInclude Include="2D\TextRenderer.h">
      <Filter>2D</Filter>
    </ClInclude>
    <ClInclude Include="2D\Text.h">
      <Filter>2D</Filter>
    </ClInclude>
    <ClInclude Include="Common\SceneManager.h">
      <Filter>Common</Filter>
    </ClInclude>
    <ClInclude Include="Dummy\Comments.h">
      <Filter>Dummy</Filter>
    </ClInclude>
    <ClInclude Include="Dummy\DummyScene.h">
      <Filter>Dummy</Filter>
    </ClInclude>
    <ClInclude Include="Camera\Camera.h">
      <Filter>Camera</Filter>
    </ClInclude>
    <ClInclude Include="3D\Object.h">
      <Filter>3D</Filter>
    </ClInclude>
    <ClInclude Include="3D\ObjectRenderer.h">
      <Filter>3D</Filter>
    </ClInclude>
    <ClInclude Include="3D\Asset3D.h">
      <Filter>3D</Filter>
    </ClInclude>
    <ClInclude Include="Utility\Interpolater.h">
      <Filter>Utility</Filter>
    </ClInclude>
    <ClInclude Include="3D\ModelCache.h">
      <Filter>3D</Filter>
    </ClInclude>
    <ClInclude Include="InputTools\KeyboardUtil.h">
      <Filter>InputTools</Filter>
    </ClInclude>
    <ClInclude Include="InputTools\MouseUtil.h">
      <Filter>InputTools</Filter>
    </ClInclude>
    <ClInclude Include="Camera\DefaultCamera.h">
      <Filter>Camera</Filter>
    </ClInclude>
    <ClInclude Include="Utility\Math.h">
      <Filter>Utility</Filter>
    </ClInclude>
    <ClInclude Include="Collision\CollisionManager.h">
      <Filter>Collision</Filter>
    </ClInclude>
    <ClInclude Include="MapTip\MapTip.h">
      <Filter>MapTip</Filter>
    </ClInclude>
    <ClInclude Include="MapTip\MapTip2D.h">
      <Filter>MapTip</Filter>
    </ClInclude>
    <ClInclude Include="MapTip\MapTip3D.h">
      <Filter>MapTip</Filter>
    </ClInclude>
    <ClInclude Include="Sound\SoundManager.h">
      <Filter>Sound</Filter>
    </ClInclude>
    <ClInclude Include="Sound\ADX2Le.h">
      <Filter>Sound</Filter>
    </ClInclude>
    <ClInclude Include="Utility\BinaryFileManager.h">
      <Filter>Utility</Filter>
    </ClInclude>
    <ClInclude Include="Utility\CSVFileManager.h">
      <Filter>Utility</Filter>
    </ClInclude>
    <ClInclude Include="Utility\Action.h">
      <Filter>Utility</Filter>
    </ClInclude>
    <ClInclude Include="2D\Primitive.h">
      <Filter>2D</Filter>
    </ClInclude>
    <ClInclude Include="2D\PrimitiveRenderer.h">
      <Filter>2D</Filter>
    </ClInclude>
    <ClInclude Include="Utility\MemoryLeakDetector.h">
      <Filter>Utility</Filter>
    </ClInclude>
    <ClInclude Include="Particle\Emitter.h">
      <Filter>Particle</Filter>
    </ClInclude>
    <ClInclude Include="Particle\Particle.h">
      <Filter>Particle</Filter>
    </ClInclude>
    <ClInclude Include="Particle\ParticleRenderer.h">
      <Filter>Particle</Filter>
    </ClInclude>
  </ItemGroup>
  <ItemGroup>
    <None Include="Dummy\Read me.md">
      <Filter>Dummy</Filter>
    </None>
  </ItemGroup>
</Project>