<?xml version="1.0" encoding="utf-8"?>
<Project ToolsVersion="4.0" xmlns="http://schemas.microsoft.com/developer/msbuild/2003">
  <ItemGroup>
    <Filter Include="Assets">
      <UniqueIdentifier>7c9269c8-42ad-4d8b-b232-0916f10ac0e6</UniqueIdentifier>
      <Extensions>ico;cur;bmp;dds;dlg;fbx;rct;bin;rgs;gif;jpg;jpeg;jpe;resx;tga;tiff;tif;png;wav;mfcribbon-ms</Extensions>
    </Filter>
    <Filter Include="Master">
      <UniqueIdentifier>{acec3c42-015a-4ee6-8153-40576616a2d8}</UniqueIdentifier>
    </Filter>
    <Filter Include="Scenes">
      <UniqueIdentifier>{de4811e0-3b47-43f2-a7ce-19236379ff73}</UniqueIdentifier>
    </Filter>
    <Filter Include="Assets\Models">
      <UniqueIdentifier>{9a8b72a7-a62b-4fc4-86fd-ae3e1117b2bc}</UniqueIdentifier>
    </Filter>
  </ItemGroup>
  <ItemGroup>
    <ClInclude Include="Game.h" />
    <ClInclude Include="Classes\Master\GameMain.h">
      <Filter>Master</Filter>
    </ClInclude>
    <ClInclude Include="Classes\Scenes\PlayScene.h">
      <Filter>Scenes</Filter>
    </ClInclude>
  </ItemGroup>
  <ItemGroup>
    <ClCompile Include="Game.cpp" />
    <ClCompile Include="Main.cpp" />
    <ClCompile Include="Classes\Master\GameMain.cpp">
      <Filter>Master</Filter>
    </ClCompile>
    <ClCompile Include="Classes\Scenes\PlayScene.cpp">
      <Filter>Scenes</Filter>
    </ClCompile>
    <ClCompile Include="Classes\Scenes\SceneManager.cpp">
      <Filter>Scenes</Filter>
    </ClCompile>
  </ItemGroup>
  <ItemGroup>
    <ResourceCompile Include="resource.rc" />
  </ItemGroup>
  <ItemGroup>
    <Image Include="directx.ico">
      <Filter>Assets</Filter>
    </Image>
  </ItemGroup>
  <ItemGroup>
    <Manifest Include="settings.manifest">
      <Filter>Assets</Filter>
    </Manifest>
  </ItemGroup>
  <ItemGroup>
    <MeshContentTask Include="Resources\Assets\ModelData\teaPot.FBX">
      <Filter>Assets\Models</Filter>
    </MeshContentTask>
    <MeshContentTask Include="Resources\Assets\ModelData\skyDome.FBX">
      <Filter>Assets\Models</Filter>
    </MeshContentTask>
    <MeshContentTask Include="Resources\Assets\ModelData\block.FBX">
      <Filter>Assets\Models</Filter>
    </MeshContentTask>
    <MeshContentTask Include="Resources\Assets\ModelData\block2.FBX">
      <Filter>Assets\Models</Filter>
    </MeshContentTask>
  </ItemGroup>
</Project>